// !$*UTF8*$!
{
	archiveVersion = 1;
	classes = {
	};
	objectVersion = 50;
	objects = {

/* Begin PBXBuildFile section */
		42559A8124D1336400852562 /* AppDelegate.swift in Sources */ = {isa = PBXBuildFile; fileRef = 42559A8024D1336400852562 /* AppDelegate.swift */; };
		42559A8324D1336400852562 /* ViewController.swift in Sources */ = {isa = PBXBuildFile; fileRef = 42559A8224D1336400852562 /* ViewController.swift */; };
		42559A8524D1336600852562 /* Assets.xcassets in Resources */ = {isa = PBXBuildFile; fileRef = 42559A8424D1336600852562 /* Assets.xcassets */; };
		42559A8824D1336600852562 /* Main.storyboard in Resources */ = {isa = PBXBuildFile; fileRef = 42559A8624D1336600852562 /* Main.storyboard */; };
		42559A9424D1336600852562 /* RollBackIconsTests.swift in Sources */ = {isa = PBXBuildFile; fileRef = 42559A9324D1336600852562 /* RollBackIconsTests.swift */; };
		42559A9F24D1336600852562 /* RollBackIconsUITests.swift in Sources */ = {isa = PBXBuildFile; fileRef = 42559A9E24D1336600852562 /* RollBackIconsUITests.swift */; };
/* End PBXBuildFile section */

/* Begin PBXContainerItemProxy section */
		42559A9024D1336600852562 /* PBXContainerItemProxy */ = {
			isa = PBXContainerItemProxy;
			containerPortal = 42559A7524D1336400852562 /* Project object */;
			proxyType = 1;
			remoteGlobalIDString = 42559A7C24D1336400852562;
			remoteInfo = RollBackIcons;
		};
		42559A9B24D1336600852562 /* PBXContainerItemProxy */ = {
			isa = PBXContainerItemProxy;
			containerPortal = 42559A7524D1336400852562 /* Project object */;
			proxyType = 1;
			remoteGlobalIDString = 42559A7C24D1336400852562;
			remoteInfo = RollBackIcons;
		};
/* End PBXContainerItemProxy section */

/* Begin PBXFileReference section */
		42559A7D24D1336400852562 /* RollBackIcons.app */ = {isa = PBXFileReference; explicitFileType = wrapper.application; includeInIndex = 0; path = RollBackIcons.app; sourceTree = BUILT_PRODUCTS_DIR; };
		42559A8024D1336400852562 /* AppDelegate.swift */ = {isa = PBXFileReference; lastKnownFileType = sourcecode.swift; path = AppDelegate.swift; sourceTree = "<group>"; };
		42559A8224D1336400852562 /* ViewController.swift */ = {isa = PBXFileReference; lastKnownFileType = sourcecode.swift; path = ViewController.swift; sourceTree = "<group>"; };
		42559A8424D1336600852562 /* Assets.xcassets */ = {isa = PBXFileReference; lastKnownFileType = folder.assetcatalog; path = Assets.xcassets; sourceTree = "<group>"; };
		42559A8724D1336600852562 /* Base */ = {isa = PBXFileReference; lastKnownFileType = file.storyboard; name = Base; path = Base.lproj/Main.storyboard; sourceTree = "<group>"; };
		42559A8924D1336600852562 /* Info.plist */ = {isa = PBXFileReference; lastKnownFileType = text.plist.xml; path = Info.plist; sourceTree = "<group>"; };
		42559A8A24D1336600852562 /* RollBackIcons.entitlements */ = {isa = PBXFileReference; lastKnownFileType = text.plist.entitlements; path = RollBackIcons.entitlements; sourceTree = "<group>"; };
		42559A8F24D1336600852562 /* RollBackIconsTests.xctest */ = {isa = PBXFileReference; explicitFileType = wrapper.cfbundle; includeInIndex = 0; path = RollBackIconsTests.xctest; sourceTree = BUILT_PRODUCTS_DIR; };
		42559A9324D1336600852562 /* RollBackIconsTests.swift */ = {isa = PBXFileReference; lastKnownFileType = sourcecode.swift; path = RollBackIconsTests.swift; sourceTree = "<group>"; };
		42559A9524D1336600852562 /* Info.plist */ = {isa = PBXFileReference; lastKnownFileType = text.plist.xml; path = Info.plist; sourceTree = "<group>"; };
		42559A9A24D1336600852562 /* RollBackIconsUITests.xctest */ = {isa = PBXFileReference; explicitFileType = wrapper.cfbundle; includeInIndex = 0; path = RollBackIconsUITests.xctest; sourceTree = BUILT_PRODUCTS_DIR; };
		42559A9E24D1336600852562 /* RollBackIconsUITests.swift */ = {isa = PBXFileReference; lastKnownFileType = sourcecode.swift; path = RollBackIconsUITests.swift; sourceTree = "<group>"; };
		42559AA024D1336600852562 /* Info.plist */ = {isa = PBXFileReference; lastKnownFileType = text.plist.xml; path = Info.plist; sourceTree = "<group>"; };
/* End PBXFileReference section */

/* Begin PBXFrameworksBuildPhase section */
		42559A7A24D1336400852562 /* Frameworks */ = {
			isa = PBXFrameworksBuildPhase;
			buildActionMask = 2147483647;
			files = (
			);
			runOnlyForDeploymentPostprocessing = 0;
		};
		42559A8C24D1336600852562 /* Frameworks */ = {
			isa = PBXFrameworksBuildPhase;
			buildActionMask = 2147483647;
			files = (
			);
			runOnlyForDeploymentPostprocessing = 0;
		};
		42559A9724D1336600852562 /* Frameworks */ = {
			isa = PBXFrameworksBuildPhase;
			buildActionMask = 2147483647;
			files = (
			);
			runOnlyForDeploymentPostprocessing = 0;
		};
/* End PBXFrameworksBuildPhase section */

/* Begin PBXGroup section */
		42559A7424D1336400852562 = {
			isa = PBXGroup;
			children = (
				42559A7F24D1336400852562 /* RollBackIcons */,
				42559A9224D1336600852562 /* RollBackIconsTests */,
				42559A9D24D1336600852562 /* RollBackIconsUITests */,
				42559A7E24D1336400852562 /* Products */,
			);
			sourceTree = "<group>";
		};
		42559A7E24D1336400852562 /* Products */ = {
			isa = PBXGroup;
			children = (
				42559A7D24D1336400852562 /* RollBackIcons.app */,
				42559A8F24D1336600852562 /* RollBackIconsTests.xctest */,
				42559A9A24D1336600852562 /* RollBackIconsUITests.xctest */,
			);
			name = Products;
			sourceTree = "<group>";
		};
		42559A7F24D1336400852562 /* RollBackIcons */ = {
			isa = PBXGroup;
			children = (
				42559A8024D1336400852562 /* AppDelegate.swift */,
				42559A8224D1336400852562 /* ViewController.swift */,
				42559A8424D1336600852562 /* Assets.xcassets */,
				42559A8624D1336600852562 /* Main.storyboard */,
				42559A8924D1336600852562 /* Info.plist */,
				42559A8A24D1336600852562 /* RollBackIcons.entitlements */,
			);
			path = RollBackIcons;
			sourceTree = "<group>";
		};
		42559A9224D1336600852562 /* RollBackIconsTests */ = {
			isa = PBXGroup;
			children = (
				42559A9324D1336600852562 /* RollBackIconsTests.swift */,
				42559A9524D1336600852562 /* Info.plist */,
			);
			path = RollBackIconsTests;
			sourceTree = "<group>";
		};
		42559A9D24D1336600852562 /* RollBackIconsUITests */ = {
			isa = PBXGroup;
			children = (
				42559A9E24D1336600852562 /* RollBackIconsUITests.swift */,
				42559AA024D1336600852562 /* Info.plist */,
			);
			path = RollBackIconsUITests;
			sourceTree = "<group>";
		};
/* End PBXGroup section */

/* Begin PBXNativeTarget section */
		42559A7C24D1336400852562 /* RollBackIcons */ = {
			isa = PBXNativeTarget;
			buildConfigurationList = 42559AA324D1336600852562 /* Build configuration list for PBXNativeTarget "RollBackIcons" */;
			buildPhases = (
				42559A7924D1336400852562 /* Sources */,
				42559A7A24D1336400852562 /* Frameworks */,
				42559A7B24D1336400852562 /* Resources */,
			);
			buildRules = (
			);
			dependencies = (
			);
			name = RollBackIcons;
			productName = RollBackIcons;
			productReference = 42559A7D24D1336400852562 /* RollBackIcons.app */;
			productType = "com.apple.product-type.application";
		};
		42559A8E24D1336600852562 /* RollBackIconsTests */ = {
			isa = PBXNativeTarget;
			buildConfigurationList = 42559AA624D1336600852562 /* Build configuration list for PBXNativeTarget "RollBackIconsTests" */;
			buildPhases = (
				42559A8B24D1336600852562 /* Sources */,
				42559A8C24D1336600852562 /* Frameworks */,
				42559A8D24D1336600852562 /* Resources */,
			);
			buildRules = (
			);
			dependencies = (
				42559A9124D1336600852562 /* PBXTargetDependency */,
			);
			name = RollBackIconsTests;
			productName = RollBackIconsTests;
			productReference = 42559A8F24D1336600852562 /* RollBackIconsTests.xctest */;
			productType = "com.apple.product-type.bundle.unit-test";
		};
		42559A9924D1336600852562 /* RollBackIconsUITests */ = {
			isa = PBXNativeTarget;
			buildConfigurationList = 42559AA924D1336600852562 /* Build configuration list for PBXNativeTarget "RollBackIconsUITests" */;
			buildPhases = (
				42559A9624D1336600852562 /* Sources */,
				42559A9724D1336600852562 /* Frameworks */,
				42559A9824D1336600852562 /* Resources */,
			);
			buildRules = (
			);
			dependencies = (
				42559A9C24D1336600852562 /* PBXTargetDependency */,
			);
			name = RollBackIconsUITests;
			productName = RollBackIconsUITests;
			productReference = 42559A9A24D1336600852562 /* RollBackIconsUITests.xctest */;
			productType = "com.apple.product-type.bundle.ui-testing";
		};
/* End PBXNativeTarget section */

/* Begin PBXProject section */
		42559A7524D1336400852562 /* Project object */ = {
			isa = PBXProject;
			attributes = {
				LastSwiftUpdateCheck = 1010;
				LastUpgradeCheck = 1010;
				ORGANIZATIONNAME = interfyre;
				TargetAttributes = {
					42559A7C24D1336400852562 = {
						CreatedOnToolsVersion = 10.1;
					};
					42559A8E24D1336600852562 = {
						CreatedOnToolsVersion = 10.1;
						TestTargetID = 42559A7C24D1336400852562;
					};
					42559A9924D1336600852562 = {
						CreatedOnToolsVersion = 10.1;
						TestTargetID = 42559A7C24D1336400852562;
					};
				};
			};
			buildConfigurationList = 42559A7824D1336400852562 /* Build configuration list for PBXProject "RollBackIcons" */;
			compatibilityVersion = "Xcode 9.3";
			developmentRegion = en;
			hasScannedForEncodings = 0;
			knownRegions = (
				en,
				Base,
			);
			mainGroup = 42559A7424D1336400852562;
			productRefGroup = 42559A7E24D1336400852562 /* Products */;
			projectDirPath = "";
			projectRoot = "";
			targets = (
				42559A7C24D1336400852562 /* RollBackIcons */,
				42559A8E24D1336600852562 /* RollBackIconsTests */,
				42559A9924D1336600852562 /* RollBackIconsUITests */,
			);
		};
/* End PBXProject section */

/* Begin PBXResourcesBuildPhase section */
		42559A7B24D1336400852562 /* Resources */ = {
			isa = PBXResourcesBuildPhase;
			buildActionMask = 2147483647;
			files = (
				42559A8524D1336600852562 /* Assets.xcassets in Resources */,
				42559A8824D1336600852562 /* Main.storyboard in Resources */,
			);
			runOnlyForDeploymentPostprocessing = 0;
		};
		42559A8D24D1336600852562 /* Resources */ = {
			isa = PBXResourcesBuildPhase;
			buildActionMask = 2147483647;
			files = (
			);
			runOnlyForDeploymentPostprocessing = 0;
		};
		42559A9824D1336600852562 /* Resources */ = {
			isa = PBXResourcesBuildPhase;
			buildActionMask = 2147483647;
			files = (
			);
			runOnlyForDeploymentPostprocessing = 0;
		};
/* End PBXResourcesBuildPhase section */

/* Begin PBXSourcesBuildPhase section */
		42559A7924D1336400852562 /* Sources */ = {
			isa = PBXSourcesBuildPhase;
			buildActionMask = 2147483647;
			files = (
				42559A8324D1336400852562 /* ViewController.swift in Sources */,
				42559A8124D1336400852562 /* AppDelegate.swift in Sources */,
			);
			runOnlyForDeploymentPostprocessing = 0;
		};
		42559A8B24D1336600852562 /* Sources */ = {
			isa = PBXSourcesBuildPhase;
			buildActionMask = 2147483647;
			files = (
				42559A9424D1336600852562 /* RollBackIconsTests.swift in Sources */,
			);
			runOnlyForDeploymentPostprocessing = 0;
		};
		42559A9624D1336600852562 /* Sources */ = {
			isa = PBXSourcesBuildPhase;
			buildActionMask = 2147483647;
			files = (
				42559A9F24D1336600852562 /* RollBackIconsUITests.swift in Sources */,
			);
			runOnlyForDeploymentPostprocessing = 0;
		};
/* End PBXSourcesBuildPhase section */

/* Begin PBXTargetDependency section */
		42559A9124D1336600852562 /* PBXTargetDependency */ = {
			isa = PBXTargetDependency;
			target = 42559A7C24D1336400852562 /* RollBackIcons */;
			targetProxy = 42559A9024D1336600852562 /* PBXContainerItemProxy */;
		};
		42559A9C24D1336600852562 /* PBXTargetDependency */ = {
			isa = PBXTargetDependency;
			target = 42559A7C24D1336400852562 /* RollBackIcons */;
			targetProxy = 42559A9B24D1336600852562 /* PBXContainerItemProxy */;
		};
/* End PBXTargetDependency section */

/* Begin PBXVariantGroup section */
		42559A8624D1336600852562 /* Main.storyboard */ = {
			isa = PBXVariantGroup;
			children = (
				42559A8724D1336600852562 /* Base */,
			);
			name = Main.storyboard;
			sourceTree = "<group>";
		};
/* End PBXVariantGroup section */

/* Begin XCBuildConfiguration section */
		42559AA124D1336600852562 /* Debug */ = {
			isa = XCBuildConfiguration;
			buildSettings = {
				ALWAYS_SEARCH_USER_PATHS = NO;
				CLANG_ANALYZER_NONNULL = YES;
				CLANG_ANALYZER_NUMBER_OBJECT_CONVERSION = YES_AGGRESSIVE;
				CLANG_CXX_LANGUAGE_STANDARD = "gnu++14";
				CLANG_CXX_LIBRARY = "libc++";
				CLANG_ENABLE_MODULES = YES;
				CLANG_ENABLE_OBJC_ARC = YES;
				CLANG_ENABLE_OBJC_WEAK = YES;
				CLANG_WARN_BLOCK_CAPTURE_AUTORELEASING = YES;
				CLANG_WARN_BOOL_CONVERSION = YES;
				CLANG_WARN_COMMA = YES;
				CLANG_WARN_CONSTANT_CONVERSION = YES;
				CLANG_WARN_DEPRECATED_OBJC_IMPLEMENTATIONS = YES;
				CLANG_WARN_DIRECT_OBJC_ISA_USAGE = YES_ERROR;
				CLANG_WARN_DOCUMENTATION_COMMENTS = YES;
				CLANG_WARN_EMPTY_BODY = YES;
				CLANG_WARN_ENUM_CONVERSION = YES;
				CLANG_WARN_INFINITE_RECURSION = YES;
				CLANG_WARN_INT_CONVERSION = YES;
				CLANG_WARN_NON_LITERAL_NULL_CONVERSION = YES;
				CLANG_WARN_OBJC_IMPLICIT_RETAIN_SELF = YES;
				CLANG_WARN_OBJC_LITERAL_CONVERSION = YES;
				CLANG_WARN_OBJC_ROOT_CLASS = YES_ERROR;
				CLANG_WARN_RANGE_LOOP_ANALYSIS = YES;
				CLANG_WARN_STRICT_PROTOTYPES = YES;
				CLANG_WARN_SUSPICIOUS_MOVE = YES;
				CLANG_WARN_UNGUARDED_AVAILABILITY = YES_AGGRESSIVE;
				CLANG_WARN_UNREACHABLE_CODE = YES;
				CLANG_WARN__DUPLICATE_METHOD_MATCH = YES;
				CODE_SIGN_IDENTITY = "Mac Developer";
				COPY_PHASE_STRIP = NO;
				DEBUG_INFORMATION_FORMAT = dwarf;
				ENABLE_STRICT_OBJC_MSGSEND = YES;
				ENABLE_TESTABILITY = YES;
				GCC_C_LANGUAGE_STANDARD = gnu11;
				GCC_DYNAMIC_NO_PIC = NO;
				GCC_NO_COMMON_BLOCKS = YES;
				GCC_OPTIMIZATION_LEVEL = 0;
				GCC_PREPROCESSOR_DEFINITIONS = (
					"DEBUG=1",
					"$(inherited)",
				);
				GCC_WARN_64_TO_32_BIT_CONVERSION = YES;
				GCC_WARN_ABOUT_RETURN_TYPE = YES_ERROR;
				GCC_WARN_UNDECLARED_SELECTOR = YES;
				GCC_WARN_UNINITIALIZED_AUTOS = YES_AGGRESSIVE;
				GCC_WARN_UNUSED_FUNCTION = YES;
				GCC_WARN_UNUSED_VARIABLE = YES;
				MACOSX_DEPLOYMENT_TARGET = 10.13;
				MTL_ENABLE_DEBUG_INFO = INCLUDE_SOURCE;
				MTL_FAST_MATH = YES;
				ONLY_ACTIVE_ARCH = YES;
				SDKROOT = macosx;
				SWIFT_ACTIVE_COMPILATION_CONDITIONS = DEBUG;
				SWIFT_OPTIMIZATION_LEVEL = "-Onone";
			};
			name = Debug;
		};
		42559AA224D1336600852562 /* Release */ = {
			isa = XCBuildConfiguration;
			buildSettings = {
				ALWAYS_SEARCH_USER_PATHS = NO;
				CLANG_ANALYZER_NONNULL = YES;
				CLANG_ANALYZER_NUMBER_OBJECT_CONVERSION = YES_AGGRESSIVE;
				CLANG_CXX_LANGUAGE_STANDARD = "gnu++14";
				CLANG_CXX_LIBRARY = "libc++";
				CLANG_ENABLE_MODULES = YES;
				CLANG_ENABLE_OBJC_ARC = YES;
				CLANG_ENABLE_OBJC_WEAK = YES;
				CLANG_WARN_BLOCK_CAPTURE_AUTORELEASING = YES;
				CLANG_WARN_BOOL_CONVERSION = YES;
				CLANG_WARN_COMMA = YES;
				CLANG_WARN_CONSTANT_CONVERSION = YES;
				CLANG_WARN_DEPRECATED_OBJC_IMPLEMENTATIONS = YES;
				CLANG_WARN_DIRECT_OBJC_ISA_USAGE = YES_ERROR;
				CLANG_WARN_DOCUMENTATION_COMMENTS = YES;
				CLANG_WARN_EMPTY_BODY = YES;
				CLANG_WARN_ENUM_CONVERSION = YES;
				CLANG_WARN_INFINITE_RECURSION = YES;
				CLANG_WARN_INT_CONVERSION = YES;
				CLANG_WARN_NON_LITERAL_NULL_CONVERSION = YES;
				CLANG_WARN_OBJC_IMPLICIT_RETAIN_SELF = YES;
				CLANG_WARN_OBJC_LITERAL_CONVERSION = YES;
				CLANG_WARN_OBJC_ROOT_CLASS = YES_ERROR;
				CLANG_WARN_RANGE_LOOP_ANALYSIS = YES;
				CLANG_WARN_STRICT_PROTOTYPES = YES;
				CLANG_WARN_SUSPICIOUS_MOVE = YES;
				CLANG_WARN_UNGUARDED_AVAILABILITY = YES_AGGRESSIVE;
				CLANG_WARN_UNREACHABLE_CODE = YES;
				CLANG_WARN__DUPLICATE_METHOD_MATCH = YES;
				CODE_SIGN_IDENTITY = "Mac Developer";
				COPY_PHASE_STRIP = NO;
				DEBUG_INFORMATION_FORMAT = "dwarf-with-dsym";
				ENABLE_NS_ASSERTIONS = NO;
				ENABLE_STRICT_OBJC_MSGSEND = YES;
				GCC_C_LANGUAGE_STANDARD = gnu11;
				GCC_NO_COMMON_BLOCKS = YES;
				GCC_WARN_64_TO_32_BIT_CONVERSION = YES;
				GCC_WARN_ABOUT_RETURN_TYPE = YES_ERROR;
				GCC_WARN_UNDECLARED_SELECTOR = YES;
				GCC_WARN_UNINITIALIZED_AUTOS = YES_AGGRESSIVE;
				GCC_WARN_UNUSED_FUNCTION = YES;
				GCC_WARN_UNUSED_VARIABLE = YES;
				MACOSX_DEPLOYMENT_TARGET = 10.13;
				MTL_ENABLE_DEBUG_INFO = NO;
				MTL_FAST_MATH = YES;
				SDKROOT = macosx;
				SWIFT_COMPILATION_MODE = wholemodule;
				SWIFT_OPTIMIZATION_LEVEL = "-O";
			};
			name = Release;
		};
		42559AA424D1336600852562 /* Debug */ = {
			isa = XCBuildConfiguration;
			buildSettings = {
				ASSETCATALOG_COMPILER_APPICON_NAME = AppIcon;
				CODE_SIGN_ENTITLEMENTS = RollBackIcons/RollBackIcons.entitlements;
				CODE_SIGN_STYLE = Automatic;
				COMBINE_HIDPI_IMAGES = YES;
				DEVELOPMENT_TEAM = QVM4Z429BN;
				INFOPLIST_FILE = RollBackIcons/Info.plist;
				LD_RUNPATH_SEARCH_PATHS = (
					"$(inherited)",
					"@executable_path/../Frameworks",
				);
				MACOSX_DEPLOYMENT_TARGET = 10.10;
				PRODUCT_BUNDLE_IDENTIFIER = com.InterFyre.RollBackIcons;
				PRODUCT_NAME = "$(TARGET_NAME)";
				SWIFT_VERSION = 4.2;
			};
			name = Debug;
		};
		42559AA524D1336600852562 /* Release */ = {
			isa = XCBuildConfiguration;
			buildSettings = {
				ASSETCATALOG_COMPILER_APPICON_NAME = AppIcon;
				CODE_SIGN_ENTITLEMENTS = RollBackIcons/RollBackIcons.entitlements;
				CODE_SIGN_STYLE = Automatic;
				COMBINE_HIDPI_IMAGES = YES;
				DEVELOPMENT_TEAM = QVM4Z429BN;
				INFOPLIST_FILE = RollBackIcons/Info.plist;
				LD_RUNPATH_SEARCH_PATHS = (
					"$(inherited)",
					"@executable_path/../Frameworks",
				);
				MACOSX_DEPLOYMENT_TARGET = 10.10;
				PRODUCT_BUNDLE_IDENTIFIER = com.InterFyre.RollBackIcons;
				PRODUCT_NAME = "$(TARGET_NAME)";
				SWIFT_VERSION = 4.2;
			};
			name = Release;
		};
		42559AA724D1336600852562 /* Debug */ = {
			isa = XCBuildConfiguration;
			buildSettings = {
				ALWAYS_EMBED_SWIFT_STANDARD_LIBRARIES = YES;
				BUNDLE_LOADER = "$(TEST_HOST)";
				CODE_SIGN_STYLE = Automatic;
				COMBINE_HIDPI_IMAGES = YES;
				DEVELOPMENT_TEAM = QVM4Z429BN;
				INFOPLIST_FILE = RollBackIconsTests/Info.plist;
				LD_RUNPATH_SEARCH_PATHS = (
					"$(inherited)",
					"@executable_path/../Frameworks",
					"@loader_path/../Frameworks",
				);
				PRODUCT_BUNDLE_IDENTIFIER = com.InterFyre.RollBackIconsTests;
				PRODUCT_NAME = "$(TARGET_NAME)";
				SWIFT_VERSION = 4.2;
				TEST_HOST = "$(BUILT_PRODUCTS_DIR)/RollBackIcons.app/Contents/MacOS/RollBackIcons";
			};
			name = Debug;
		};
		42559AA824D1336600852562 /* Release */ = {
			isa = XCBuildConfiguration;
			buildSettings = {
				ALWAYS_EMBED_SWIFT_STANDARD_LIBRARIES = YES;
				BUNDLE_LOADER = "$(TEST_HOST)";
				CODE_SIGN_STYLE = Automatic;
				COMBINE_HIDPI_IMAGES = YES;
				DEVELOPMENT_TEAM = QVM4Z429BN;
				INFOPLIST_FILE = RollBackIconsTests/Info.plist;
				LD_RUNPATH_SEARCH_PATHS = (
					"$(inherited)",
					"@executable_path/../Frameworks",
					"@loader_path/../Frameworks",
				);
				PRODUCT_BUNDLE_IDENTIFIER = com.InterFyre.RollBackIconsTests;
				PRODUCT_NAME = "$(TARGET_NAME)";
				SWIFT_VERSION = 4.2;
				TEST_HOST = "$(BUILT_PRODUCTS_DIR)/RollBackIcons.app/Contents/MacOS/RollBackIcons";
			};
			name = Release;
		};
		42559AAA24D1336600852562 /* Debug */ = {
			isa = XCBuildConfiguration;
			buildSettings = {
				ALWAYS_EMBED_SWIFT_STANDARD_LIBRARIES = YES;
				CODE_SIGN_STYLE = Automatic;
				COMBINE_HIDPI_IMAGES = YES;
				DEVELOPMENT_TEAM = QVM4Z429BN;
				INFOPLIST_FILE = RollBackIconsUITests/Info.plist;
				LD_RUNPATH_SEARCH_PATHS = (
					"$(inherited)",
					"@executable_path/../Frameworks",
					"@loader_path/../Frameworks",
				);
				PRODUCT_BUNDLE_IDENTIFIER = com.InterFyre.RollBackIconsUITests;
				PRODUCT_NAME = "$(TARGET_NAME)";
				SWIFT_VERSION = 4.2;
				TEST_TARGET_NAME = RollBackIcons;
			};
			name = Debug;
		};
		42559AAB24D1336600852562 /* Release */ = {
			isa = XCBuildConfiguration;
			buildSettings = {
				ALWAYS_EMBED_SWIFT_STANDARD_LIBRARIES = YES;
				CODE_SIGN_STYLE = Automatic;
				COMBINE_HIDPI_IMAGES = YES;
				DEVELOPMENT_TEAM = QVM4Z429BN;
				INFOPLIST_FILE = RollBackIconsUITests/Info.plist;
				LD_RUNPATH_SEARCH_PATHS = (
					"$(inherited)",
					"@executable_path/../Frameworks",
					"@loader_path/../Frameworks",
				);
				PRODUCT_BUNDLE_IDENTIFIER = com.InterFyre.RollBackIconsUITests;
				PRODUCT_NAME = "$(TARGET_NAME)";
				SWIFT_VERSION = 4.2;
				TEST_TARGET_NAME = RollBackIcons;
			};
			name = Release;
		};
/* End XCBuildConfiguration section */

/* Begin XCConfigurationList section */
		42559A7824D1336400852562 /* Build configuration list for PBXProject "RollBackIcons" */ = {
			isa = XCConfigurationList;
			buildConfigurations = (
				42559AA124D1336600852562 /* Debug */,
				42559AA224D1336600852562 /* Release */,
			);
			defaultConfigurationIsVisible = 0;
			defaultConfigurationName = Release;
		};
		42559AA324D1336600852562 /* Build configuration list for PBXNativeTarget "RollBackIcons" */ = {
			isa = XCConfigurationList;
			buildConfigurations = (
				42559AA424D1336600852562 /* Debug */,
				42559AA524D1336600852562 /* Release */,
			);
			defaultConfigurationIsVisible = 0;
			defaultConfigurationName = Release;
		};
		42559AA624D1336600852562 /* Build configuration list for PBXNativeTarget "RollBackIconsTests" */ = {
			isa = XCConfigurationList;
			buildConfigurations = (
				42559AA724D1336600852562 /* Debug */,
				42559AA824D1336600852562 /* Release */,
			);
			defaultConfigurationIsVisible = 0;
			defaultConfigurationName = Release;
		};
		42559AA924D1336600852562 /* Build configuration list for PBXNativeTarget "RollBackIconsUITests" */ = {
			isa = XCConfigurationList;
			buildConfigurations = (
				42559AAA24D1336600852562 /* Debug */,
				42559AAB24D1336600852562 /* Release */,
			);
			defaultConfigurationIsVisible = 0;
			defaultConfigurationName = Release;
		};
/* End XCConfigurationList section */
	};
	rootObject = 42559A7524D1336400852562 /* Project object */;
}
